// !$*UTF8*$!
{
	archiveVersion = 1;
	classes = {
	};
	objectVersion = 77;
	objects = {

/* Begin PBXContainerItemProxy section */
		EC100F6B2D847E3A002EA897 /* PBXContainerItemProxy */ = {
			isa = PBXContainerItemProxy;
			containerPortal = EC100F522D847E38002EA897 /* Project object */;
			proxyType = 1;
			remoteGlobalIDString = EC100F592D847E38002EA897;
			remoteInfo = "SwiftUI-Wishlist";
		};
		EC100F752D847E3A002EA897 /* PBXContainerItemProxy */ = {
			isa = PBXContainerItemProxy;
			containerPortal = EC100F522D847E38002EA897 /* Project object */;
			proxyType = 1;
			remoteGlobalIDString = EC100F592D847E38002EA897;
			remoteInfo = "SwiftUI-Wishlist";
		};
/* End PBXContainerItemProxy section */

/* Begin PBXFileReference section */
		EC100F5A2D847E38002EA897 /* SwiftUI-Wishlist.app */ = {isa = PBXFileReference; explicitFileType = wrapper.application; includeInIndex = 0; path = "SwiftUI-Wishlist.app"; sourceTree = BUILT_PRODUCTS_DIR; };
		EC100F6A2D847E3A002EA897 /* SwiftUI-WishlistTests.xctest */ = {isa = PBXFileReference; explicitFileType = wrapper.cfbundle; includeInIndex = 0; path = "SwiftUI-WishlistTests.xctest"; sourceTree = BUILT_PRODUCTS_DIR; };
		EC100F742D847E3A002EA897 /* SwiftUI-WishlistUITests.xctest */ = {isa = PBXFileReference; explicitFileType = wrapper.cfbundle; includeInIndex = 0; path = "SwiftUI-WishlistUITests.xctest"; sourceTree = BUILT_PRODUCTS_DIR; };
/* End PBXFileReference section */

/* Begin PBXFileSystemSynchronizedRootGroup section */
		EC100F5C2D847E38002EA897 /* SwiftUI-Wishlist */ = {
			isa = PBXFileSystemSynchronizedRootGroup;
			path = "SwiftUI-Wishlist";
			sourceTree = "<group>";
		};
		EC100F6D2D847E3A002EA897 /* SwiftUI-WishlistTests */ = {
			isa = PBXFileSystemSynchronizedRootGroup;
			path = "SwiftUI-WishlistTests";
			sourceTree = "<group>";
		};
		EC100F772D847E3A002EA897 /* SwiftUI-WishlistUITests */ = {
			isa = PBXFileSystemSynchronizedRootGroup;
			path = "SwiftUI-WishlistUITests";
			sourceTree = "<group>";
		};
/* End PBXFileSystemSynchronizedRootGroup section */

/* Begin PBXFrameworksBuildPhase section */
		EC100F572D847E38002EA897 /* Frameworks */ = {
			isa = PBXFrameworksBuildPhase;
			buildActionMask = 2147483647;
			files = (
			);
			runOnlyForDeploymentPostprocessing = 0;
		};
		EC100F672D847E3A002EA897 /* Frameworks */ = {
			isa = PBXFrameworksBuildPhase;
			buildActionMask = 2147483647;
			files = (
			);
			runOnlyForDeploymentPostprocessing = 0;
		};
		EC100F712D847E3A002EA897 /* Frameworks */ = {
			isa = PBXFrameworksBuildPhase;
			buildActionMask = 2147483647;
			files = (
			);
			runOnlyForDeploymentPostprocessing = 0;
		};
/* End PBXFrameworksBuildPhase section */

/* Begin PBXGroup section */
		EC100F512D847E38002EA897 = {
			isa = PBXGroup;
			children = (
				EC100F5C2D847E38002EA897 /* SwiftUI-Wishlist */,
				EC100F6D2D847E3A002EA897 /* SwiftUI-WishlistTests */,
				EC100F772D847E3A002EA897 /* SwiftUI-WishlistUITests */,
				EC100F5B2D847E38002EA897 /* Products */,
			);
			sourceTree = "<group>";
		};
		EC100F5B2D847E38002EA897 /* Products */ = {
			isa = PBXGroup;
			children = (
				EC100F5A2D847E38002EA897 /* SwiftUI-Wishlist.app */,
				EC100F6A2D847E3A002EA897 /* SwiftUI-WishlistTests.xctest */,
				EC100F742D847E3A002EA897 /* SwiftUI-WishlistUITests.xctest */,
			);
			name = Products;
			sourceTree = "<group>";
		};
/* End PBXGroup section */

/* Begin PBXNativeTarget section */
		EC100F592D847E38002EA897 /* SwiftUI-Wishlist */ = {
			isa = PBXNativeTarget;
			buildConfigurationList = EC100F7E2D847E3A002EA897 /* Build configuration list for PBXNativeTarget "SwiftUI-Wishlist" */;
			buildPhases = (
				EC100F562D847E38002EA897 /* Sources */,
				EC100F572D847E38002EA897 /* Frameworks */,
				EC100F582D847E38002EA897 /* Resources */,
			);
			buildRules = (
			);
			dependencies = (
			);
			fileSystemSynchronizedGroups = (
				EC100F5C2D847E38002EA897 /* SwiftUI-Wishlist */,
			);
			name = "SwiftUI-Wishlist";
			packageProductDependencies = (
			);
			productName = "SwiftUI-Wishlist";
			productReference = EC100F5A2D847E38002EA897 /* SwiftUI-Wishlist.app */;
			productType = "com.apple.product-type.application";
		};
		EC100F692D847E3A002EA897 /* SwiftUI-WishlistTests */ = {
			isa = PBXNativeTarget;
			buildConfigurationList = EC100F812D847E3A002EA897 /* Build configuration list for PBXNativeTarget "SwiftUI-WishlistTests" */;
			buildPhases = (
				EC100F662D847E3A002EA897 /* Sources */,
				EC100F672D847E3A002EA897 /* Frameworks */,
				EC100F682D847E3A002EA897 /* Resources */,
			);
			buildRules = (
			);
			dependencies = (
				EC100F6C2D847E3A002EA897 /* PBXTargetDependency */,
			);
			fileSystemSynchronizedGroups = (
				EC100F6D2D847E3A002EA897 /* SwiftUI-WishlistTests */,
			);
			name = "SwiftUI-WishlistTests";
			packageProductDependencies = (
			);
			productName = "SwiftUI-WishlistTests";
			productReference = EC100F6A2D847E3A002EA897 /* SwiftUI-WishlistTests.xctest */;
			productType = "com.apple.product-type.bundle.unit-test";
		};
		EC100F732D847E3A002EA897 /* SwiftUI-WishlistUITests */ = {
			isa = PBXNativeTarget;
			buildConfigurationList = EC100F842D847E3A002EA897 /* Build configuration list for PBXNativeTarget "SwiftUI-WishlistUITests" */;
			buildPhases = (
				EC100F702D847E3A002EA897 /* Sources */,
				EC100F712D847E3A002EA897 /* Frameworks */,
				EC100F722D847E3A002EA897 /* Resources */,
			);
			buildRules = (
			);
			dependencies = (
				EC100F762D847E3A002EA897 /* PBXTargetDependency */,
			);
			fileSystemSynchronizedGroups = (
				EC100F772D847E3A002EA897 /* SwiftUI-WishlistUITests */,
			);
			name = "SwiftUI-WishlistUITests";
			packageProductDependencies = (
			);
			productName = "SwiftUI-WishlistUITests";
			productReference = EC100F742D847E3A002EA897 /* SwiftUI-WishlistUITests.xctest */;
			productType = "com.apple.product-type.bundle.ui-testing";
		};
/* End PBXNativeTarget section */

/* Begin PBXProject section */
		EC100F522D847E38002EA897 /* Project object */ = {
			isa = PBXProject;
			attributes = {
				BuildIndependentTargetsInParallel = 1;
				LastSwiftUpdateCheck = 1620;
				LastUpgradeCheck = 1620;
				TargetAttributes = {
					EC100F592D847E38002EA897 = {
						CreatedOnToolsVersion = 16.2;
					};
					EC100F692D847E3A002EA897 = {
						CreatedOnToolsVersion = 16.2;
						TestTargetID = EC100F592D847E38002EA897;
					};
					EC100F732D847E3A002EA897 = {
						CreatedOnToolsVersion = 16.2;
						TestTargetID = EC100F592D847E38002EA897;
					};
				};
			};
			buildConfigurationList = EC100F552D847E38002EA897 /* Build configuration list for PBXProject "SwiftUI-Wishlist" */;
			developmentRegion = en;
			hasScannedForEncodings = 0;
			knownRegions = (
				en,
				Base,
			);
			mainGroup = EC100F512D847E38002EA897;
			minimizedProjectReferenceProxies = 1;
			preferredProjectObjectVersion = 77;
			productRefGroup = EC100F5B2D847E38002EA897 /* Products */;
			projectDirPath = "";
			projectRoot = "";
			targets = (
				EC100F592D847E38002EA897 /* SwiftUI-Wishlist */,
				EC100F692D847E3A002EA897 /* SwiftUI-WishlistTests */,
				EC100F732D847E3A002EA897 /* SwiftUI-WishlistUITests */,
			);
		};
/* End PBXProject section */

/* Begin PBXResourcesBuildPhase section */
		EC100F582D847E38002EA897 /* Resources */ = {
			isa = PBXResourcesBuildPhase;
			buildActionMask = 2147483647;
			files = (
			);
			runOnlyForDeploymentPostprocessing = 0;
		};
		EC100F682D847E3A002EA897 /* Resources */ = {
			isa = PBXResourcesBuildPhase;
			buildActionMask = 2147483647;
			files = (
			);
			runOnlyForDeploymentPostprocessing = 0;
		};
		EC100F722D847E3A002EA897 /* Resources */ = {
			isa = PBXResourcesBuildPhase;
			buildActionMask = 2147483647;
			files = (
			);
			runOnlyForDeploymentPostprocessing = 0;
		};
/* End PBXResourcesBuildPhase section */

/* Begin PBXSourcesBuildPhase section */
		EC100F562D847E38002EA897 /* Sources */ = {
			isa = PBXSourcesBuildPhase;
			buildActionMask = 2147483647;
			files = (
			);
			runOnlyForDeploymentPostprocessing = 0;
		};
		EC100F662D847E3A002EA897 /* Sources */ = {
			isa = PBXSourcesBuildPhase;
			buildActionMask = 2147483647;
			files = (
			);
			runOnlyForDeploymentPostprocessing = 0;
		};
		EC100F702D847E3A002EA897 /* Sources */ = {
			isa = PBXSourcesBuildPhase;
			buildActionMask = 2147483647;
			files = (
			);
			runOnlyForDeploymentPostprocessing = 0;
		};
/* End PBXSourcesBuildPhase section */

/* Begin PBXTargetDependency section */
		EC100F6C2D847E3A002EA897 /* PBXTargetDependency */ = {
			isa = PBXTargetDependency;
			target = EC100F592D847E38002EA897 /* SwiftUI-Wishlist */;
			targetProxy = EC100F6B2D847E3A002EA897 /* PBXContainerItemProxy */;
		};
		EC100F762D847E3A002EA897 /* PBXTargetDependency */ = {
			isa = PBXTargetDependency;
			target = EC100F592D847E38002EA897 /* SwiftUI-Wishlist */;
			targetProxy = EC100F752D847E3A002EA897 /* PBXContainerItemProxy */;
		};
/* End PBXTargetDependency section */

/* Begin XCBuildConfiguration section */
		EC100F7C2D847E3A002EA897 /* Debug */ = {
			isa = XCBuildConfiguration;
			buildSettings = {
				ALWAYS_SEARCH_USER_PATHS = NO;
				ASSETCATALOG_COMPILER_GENERATE_SWIFT_ASSET_SYMBOL_EXTENSIONS = YES;
				CLANG_ANALYZER_NONNULL = YES;
				CLANG_ANALYZER_NUMBER_OBJECT_CONVERSION = YES_AGGRESSIVE;
				CLANG_CXX_LANGUAGE_STANDARD = "gnu++20";
				CLANG_ENABLE_MODULES = YES;
				CLANG_ENABLE_OBJC_ARC = YES;
				CLANG_ENABLE_OBJC_WEAK = YES;
				CLANG_WARN_BLOCK_CAPTURE_AUTORELEASING = YES;
				CLANG_WARN_BOOL_CONVERSION = YES;
				CLANG_WARN_COMMA = YES;
				CLANG_WARN_CONSTANT_CONVERSION = YES;
				CLANG_WARN_DEPRECATED_OBJC_IMPLEMENTATIONS = YES;
				CLANG_WARN_DIRECT_OBJC_ISA_USAGE = YES_ERROR;
				CLANG_WARN_DOCUMENTATION_COMMENTS = YES;
				CLANG_WARN_EMPTY_BODY = YES;
				CLANG_WARN_ENUM_CONVERSION = YES;
				CLANG_WARN_INFINITE_RECURSION = YES;
				CLANG_WARN_INT_CONVERSION = YES;
				CLANG_WARN_NON_LITERAL_NULL_CONVERSION = YES;
				CLANG_WARN_OBJC_IMPLICIT_RETAIN_SELF = YES;
				CLANG_WARN_OBJC_LITERAL_CONVERSION = YES;
				CLANG_WARN_OBJC_ROOT_CLASS = YES_ERROR;
				CLANG_WARN_QUOTED_INCLUDE_IN_FRAMEWORK_HEADER = YES;
				CLANG_WARN_RANGE_LOOP_ANALYSIS = YES;
				CLANG_WARN_STRICT_PROTOTYPES = YES;
				CLANG_WARN_SUSPICIOUS_MOVE = YES;
				CLANG_WARN_UNGUARDED_AVAILABILITY = YES_AGGRESSIVE;
				CLANG_WARN_UNREACHABLE_CODE = YES;
				CLANG_WARN__DUPLICATE_METHOD_MATCH = YES;
				COPY_PHASE_STRIP = NO;
				DEBUG_INFORMATION_FORMAT = dwarf;
				ENABLE_STRICT_OBJC_MSGSEND = YES;
				ENABLE_TESTABILITY = YES;
				ENABLE_USER_SCRIPT_SANDBOXING = YES;
				GCC_C_LANGUAGE_STANDARD = gnu17;
				GCC_DYNAMIC_NO_PIC = NO;
				GCC_NO_COMMON_BLOCKS = YES;
				GCC_OPTIMIZATION_LEVEL = 0;
				GCC_PREPROCESSOR_DEFINITIONS = (
					"DEBUG=1",
					"$(inherited)",
				);
				GCC_WARN_64_TO_32_BIT_CONVERSION = YES;
				GCC_WARN_ABOUT_RETURN_TYPE = YES_ERROR;
				GCC_WARN_UNDECLARED_SELECTOR = YES;
				GCC_WARN_UNINITIALIZED_AUTOS = YES_AGGRESSIVE;
				GCC_WARN_UNUSED_FUNCTION = YES;
				GCC_WARN_UNUSED_VARIABLE = YES;
				IPHONEOS_DEPLOYMENT_TARGET = 18.2;
				LOCALIZATION_PREFERS_STRING_CATALOGS = YES;
				MTL_ENABLE_DEBUG_INFO = INCLUDE_SOURCE;
				MTL_FAST_MATH = YES;
				ONLY_ACTIVE_ARCH = YES;
				SDKROOT = iphoneos;
				SWIFT_ACTIVE_COMPILATION_CONDITIONS = "DEBUG $(inherited)";
				SWIFT_OPTIMIZATION_LEVEL = "-Onone";
			};
			name = Debug;
		};
		EC100F7D2D847E3A002EA897 /* Release */ = {
			isa = XCBuildConfiguration;
			buildSettings = {
				ALWAYS_SEARCH_USER_PATHS = NO;
				ASSETCATALOG_COMPILER_GENERATE_SWIFT_ASSET_SYMBOL_EXTENSIONS = YES;
				CLANG_ANALYZER_NONNULL = YES;
				CLANG_ANALYZER_NUMBER_OBJECT_CONVERSION = YES_AGGRESSIVE;
				CLANG_CXX_LANGUAGE_STANDARD = "gnu++20";
				CLANG_ENABLE_MODULES = YES;
				CLANG_ENABLE_OBJC_ARC = YES;
				CLANG_ENABLE_OBJC_WEAK = YES;
				CLANG_WARN_BLOCK_CAPTURE_AUTORELEASING = YES;
				CLANG_WARN_BOOL_CONVERSION = YES;
				CLANG_WARN_COMMA = YES;
				CLANG_WARN_CONSTANT_CONVERSION = YES;
				CLANG_WARN_DEPRECATED_OBJC_IMPLEMENTATIONS = YES;
				CLANG_WARN_DIRECT_OBJC_ISA_USAGE = YES_ERROR;
				CLANG_WARN_DOCUMENTATION_COMMENTS = YES;
				CLANG_WARN_EMPTY_BODY = YES;
				CLANG_WARN_ENUM_CONVERSION = YES;
				CLANG_WARN_INFINITE_RECURSION = YES;
				CLANG_WARN_INT_CONVERSION = YES;
				CLANG_WARN_NON_LITERAL_NULL_CONVERSION = YES;
				CLANG_WARN_OBJC_IMPLICIT_RETAIN_SELF = YES;
				CLANG_WARN_OBJC_LITERAL_CONVERSION = YES;
				CLANG_WARN_OBJC_ROOT_CLASS = YES_ERROR;
				CLANG_WARN_QUOTED_INCLUDE_IN_FRAMEWORK_HEADER = YES;
				CLANG_WARN_RANGE_LOOP_ANALYSIS = YES;
				CLANG_WARN_STRICT_PROTOTYPES = YES;
				CLANG_WARN_SUSPICIOUS_MOVE = YES;
				CLANG_WARN_UNGUARDED_AVAILABILITY = YES_AGGRESSIVE;
				CLANG_WARN_UNREACHABLE_CODE = YES;
				CLANG_WARN__DUPLICATE_METHOD_MATCH = YES;
				COPY_PHASE_STRIP = NO;
				DEBUG_INFORMATION_FORMAT = "dwarf-with-dsym";
				ENABLE_NS_ASSERTIONS = NO;
				ENABLE_STRICT_OBJC_MSGSEND = YES;
				ENABLE_USER_SCRIPT_SANDBOXING = YES;
				GCC_C_LANGUAGE_STANDARD = gnu17;
				GCC_NO_COMMON_BLOCKS = YES;
				GCC_WARN_64_TO_32_BIT_CONVERSION = YES;
				GCC_WARN_ABOUT_RETURN_TYPE = YES_ERROR;
				GCC_WARN_UNDECLARED_SELECTOR = YES;
				GCC_WARN_UNINITIALIZED_AUTOS = YES_AGGRESSIVE;
				GCC_WARN_UNUSED_FUNCTION = YES;
				GCC_WARN_UNUSED_VARIABLE = YES;
				IPHONEOS_DEPLOYMENT_TARGET = 18.2;
				LOCALIZATION_PREFERS_STRING_CATALOGS = YES;
				MTL_ENABLE_DEBUG_INFO = NO;
				MTL_FAST_MATH = YES;
				SDKROOT = iphoneos;
				SWIFT_COMPILATION_MODE = wholemodule;
				VALIDATE_PRODUCT = YES;
			};
			name = Release;
		};
		EC100F7F2D847E3A002EA897 /* Debug */ = {
			isa = XCBuildConfiguration;
			buildSettings = {
				ASSETCATALOG_COMPILER_APPICON_NAME = AppIcon;
				ASSETCATALOG_COMPILER_GLOBAL_ACCENT_COLOR_NAME = AccentColor;
				CODE_SIGN_STYLE = Automatic;
				CURRENT_PROJECT_VERSION = 1;
				DEVELOPMENT_ASSET_PATHS = "\"SwiftUI-Wishlist/Preview Content\"";
				DEVELOPMENT_TEAM = ARSDX9VKVZ;
				ENABLE_PREVIEWS = YES;
				GENERATE_INFOPLIST_FILE = YES;
				INFOPLIST_KEY_UIApplicationSceneManifest_Generation = YES;
				INFOPLIST_KEY_UIApplicationSupportsIndirectInputEvents = YES;
				INFOPLIST_KEY_UILaunchScreen_Generation = YES;
				INFOPLIST_KEY_UISupportedInterfaceOrientations_iPad = "UIInterfaceOrientationPortrait UIInterfaceOrientationPortraitUpsideDown UIInterfaceOrientationLandscapeLeft UIInterfaceOrientationLandscapeRight";
				INFOPLIST_KEY_UISupportedInterfaceOrientations_iPhone = "UIInterfaceOrientationPortrait UIInterfaceOrientationLandscapeLeft UIInterfaceOrientationLandscapeRight";
				LD_RUNPATH_SEARCH_PATHS = (
					"$(inherited)",
					"@executable_path/Frameworks",
				);
				MARKETING_VERSION = 1.0;
				PRODUCT_BUNDLE_IDENTIFIER = "com.monirdev.SwiftUI-Wishlist";
				PRODUCT_NAME = "$(TARGET_NAME)";
				SWIFT_EMIT_LOC_STRINGS = YES;
				SWIFT_VERSION = 5.0;
				TARGETED_DEVICE_FAMILY = "1,2";
			};
			name = Debug;
		};
		EC100F802D847E3A002EA897 /* Release */ = {
			isa = XCBuildConfiguration;
			buildSettings = {
				ASSETCATALOG_COMPILER_APPICON_NAME = AppIcon;
				ASSETCATALOG_COMPILER_GLOBAL_ACCENT_COLOR_NAME = AccentColor;
				CODE_SIGN_STYLE = Automatic;
				CURRENT_PROJECT_VERSION = 1;
				DEVELOPMENT_ASSET_PATHS = "\"SwiftUI-Wishlist/Preview Content\"";
				DEVELOPMENT_TEAM = ARSDX9VKVZ;
				ENABLE_PREVIEWS = YES;
				GENERATE_INFOPLIST_FILE = YES;
				INFOPLIST_KEY_UIApplicationSceneManifest_Generation = YES;
				INFOPLIST_KEY_UIApplicationSupportsIndirectInputEvents = YES;
				INFOPLIST_KEY_UILaunchScreen_Generation = YES;
				INFOPLIST_KEY_UISupportedInterfaceOrientations_iPad = "UIInterfaceOrientationPortrait UIInterfaceOrientationPortraitUpsideDown UIInterfaceOrientationLandscapeLeft UIInterfaceOrientationLandscapeRight";
				INFOPLIST_KEY_UISupportedInterfaceOrientations_iPhone = "UIInterfaceOrientationPortrait UIInterfaceOrientationLandscapeLeft UIInterfaceOrientationLandscapeRight";
				LD_RUNPATH_SEARCH_PATHS = (
					"$(inherited)",
					"@executable_path/Frameworks",
				);
				MARKETING_VERSION = 1.0;
				PRODUCT_BUNDLE_IDENTIFIER = "com.monirdev.SwiftUI-Wishlist";
				PRODUCT_NAME = "$(TARGET_NAME)";
				SWIFT_EMIT_LOC_STRINGS = YES;
				SWIFT_VERSION = 5.0;
				TARGETED_DEVICE_FAMILY = "1,2";
			};
			name = Release;
		};
		EC100F822D847E3A002EA897 /* Debug */ = {
			isa = XCBuildConfiguration;
			buildSettings = {
				BUNDLE_LOADER = "$(TEST_HOST)";
				CODE_SIGN_STYLE = Automatic;
				CURRENT_PROJECT_VERSION = 1;
				DEVELOPMENT_TEAM = ARSDX9VKVZ;
				GENERATE_INFOPLIST_FILE = YES;
				IPHONEOS_DEPLOYMENT_TARGET = 18.2;
				MARKETING_VERSION = 1.0;
				PRODUCT_BUNDLE_IDENTIFIER = "com.monirdev.SwiftUI-WishlistTests";
				PRODUCT_NAME = "$(TARGET_NAME)";
				SWIFT_EMIT_LOC_STRINGS = NO;
				SWIFT_VERSION = 5.0;
				TARGETED_DEVICE_FAMILY = "1,2";
				TEST_HOST = "$(BUILT_PRODUCTS_DIR)/SwiftUI-Wishlist.app/$(BUNDLE_EXECUTABLE_FOLDER_PATH)/SwiftUI-Wishlist";
			};
			name = Debug;
		};
		EC100F832D847E3A002EA897 /* Release */ = {
			isa = XCBuildConfiguration;
			buildSettings = {
				BUNDLE_LOADER = "$(TEST_HOST)";
				CODE_SIGN_STYLE = Automatic;
				CURRENT_PROJECT_VERSION = 1;
				DEVELOPMENT_TEAM = ARSDX9VKVZ;
				GENERATE_INFOPLIST_FILE = YES;
				IPHONEOS_DEPLOYMENT_TARGET = 18.2;
				MARKETING_VERSION = 1.0;
				PRODUCT_BUNDLE_IDENTIFIER = "com.monirdev.SwiftUI-WishlistTests";
				PRODUCT_NAME = "$(TARGET_NAME)";
				SWIFT_EMIT_LOC_STRINGS = NO;
				SWIFT_VERSION = 5.0;
				TARGETED_DEVICE_FAMILY = "1,2";
				TEST_HOST = "$(BUILT_PRODUCTS_DIR)/SwiftUI-Wishlist.app/$(BUNDLE_EXECUTABLE_FOLDER_PATH)/SwiftUI-Wishlist";
			};
			name = Release;
		};
		EC100F852D847E3A002EA897 /* Debug */ = {
			isa = XCBuildConfiguration;
			buildSettings = {
				CODE_SIGN_STYLE = Automatic;
				CURRENT_PROJECT_VERSION = 1;
				DEVELOPMENT_TEAM = ARSDX9VKVZ;
				GENERATE_INFOPLIST_FILE = YES;
				MARKETING_VERSION = 1.0;
				PRODUCT_BUNDLE_IDENTIFIER = "com.monirdev.SwiftUI-WishlistUITests";
				PRODUCT_NAME = "$(TARGET_NAME)";
				SWIFT_EMIT_LOC_STRINGS = NO;
				SWIFT_VERSION = 5.0;
				TARGETED_DEVICE_FAMILY = "1,2";
				TEST_TARGET_NAME = "SwiftUI-Wishlist";
			};
			name = Debug;
		};
		EC100F862D847E3A002EA897 /* Release */ = {
			isa = XCBuildConfiguration;
			buildSettings = {
				CODE_SIGN_STYLE = Automatic;
				CURRENT_PROJECT_VERSION = 1;
				DEVELOPMENT_TEAM = ARSDX9VKVZ;
				GENERATE_INFOPLIST_FILE = YES;
				MARKETING_VERSION = 1.0;
				PRODUCT_BUNDLE_IDENTIFIER = "com.monirdev.SwiftUI-WishlistUITests";
				PRODUCT_NAME = "$(TARGET_NAME)";
				SWIFT_EMIT_LOC_STRINGS = NO;
				SWIFT_VERSION = 5.0;
				TARGETED_DEVICE_FAMILY = "1,2";
				TEST_TARGET_NAME = "SwiftUI-Wishlist";
			};
			name = Release;
		};
/* End XCBuildConfiguration section */

/* Begin XCConfigurationList section */
		EC100F552D847E38002EA897 /* Build configuration list for PBXProject "SwiftUI-Wishlist" */ = {
			isa = XCConfigurationList;
			buildConfigurations = (
				EC100F7C2D847E3A002EA897 /* Debug */,
				EC100F7D2D847E3A002EA897 /* Release */,
			);
			defaultConfigurationIsVisible = 0;
			defaultConfigurationName = Release;
		};
		EC100F7E2D847E3A002EA897 /* Build configuration list for PBXNativeTarget "SwiftUI-Wishlist" */ = {
			isa = XCConfigurationList;
			buildConfigurations = (
				EC100F7F2D847E3A002EA897 /* Debug */,
				EC100F802D847E3A002EA897 /* Release */,
			);
			defaultConfigurationIsVisible = 0;
			defaultConfigurationName = Release;
		};
		EC100F812D847E3A002EA897 /* Build configuration list for PBXNativeTarget "SwiftUI-WishlistTests" */ = {
			isa = XCConfigurationList;
			buildConfigurations = (
				EC100F822D847E3A002EA897 /* Debug */,
				EC100F832D847E3A002EA897 /* Release */,
			);
			defaultConfigurationIsVisible = 0;
			defaultConfigurationName = Release;
		};
		EC100F842D847E3A002EA897 /* Build configuration list for PBXNativeTarget "SwiftUI-WishlistUITests" */ = {
			isa = XCConfigurationList;
			buildConfigurations = (
				EC100F852D847E3A002EA897 /* Debug */,
				EC100F862D847E3A002EA897 /* Release */,
			);
			defaultConfigurationIsVisible = 0;
			defaultConfigurationName = Release;
		};
/* End XCConfigurationList section */
	};
	rootObject = EC100F522D847E38002EA897 /* Project object */;
}
